
Microsoft Visual Studio Solution File, Format Version 12.00
# Visual Studio Version 17
VisualStudioVersion = 17.13.35931.197
MinimumVisualStudioVersion = 10.0.40219.1
Project("{FAE04EC0-301F-11D3-BF4B-00C04F79EFBC}") = "HoaLua", "HoaLua\HoaLua.csproj", "{97D2ECB5-C8F8-4FEF-8753-C16AC5EE1880}"
EndProject
Project("{FAE04EC0-301F-11D3-BF4B-00C04F79EFBC}") = "HoaBang", "HoaBang\HoaBang.csproj", "{4161962F-E6C0-4F7D-B719-F6FE9FD81C96}"
EndProject
Project("{FAE04EC0-301F-11D3-BF4B-00C04F79EFBC}") = "HoaHaiDauLua", "HoaHaiDauLua\HoaHaiDauLua.csproj", "{EE5F0E8B-F377-42A9-A13D-E6AA472E29C2}"
EndProject
Project("{FAE04EC0-301F-11D3-BF4B-00C04F79EFBC}") = "HoaHaiDauBang", "HoaHaiDauBang\HoaHaiDauBang.csproj", "{9DBF36B3-6A87-443D-A5F8-00E5DE322E26}"
EndProject
Project("{FAE04EC0-301F-11D3-BF4B-00C04F79EFBC}") = "HoaHaiDauLuaBang", "HoaHaiDauLuaBang\HoaHaiDauLuaBang.csproj", "{305EE642-8C5A-4E02-8BF9-16B316AD00CC}"
EndProject
Global
	GlobalSection(SolutionConfigurationPlatforms) = preSolution
		Debug|Any CPU = Debug|Any CPU
		Release|Any CPU = Release|Any CPU
	EndGlobalSection
	GlobalSection(ProjectConfigurationPlatforms) = postSolution
		{97D2ECB5-C8F8-4FEF-8753-C16AC5EE1880}.Debug|Any CPU.ActiveCfg = Debug|Any CPU
		{97D2ECB5-C8F8-4FEF-8753-C16AC5EE1880}.Debug|Any CPU.Build.0 = Debug|Any CPU
		{97D2ECB5-C8F8-4FEF-8753-C16AC5EE1880}.Release|Any CPU.ActiveCfg = Release|Any CPU
		{97D2ECB5-C8F8-4FEF-8753-C16AC5EE1880}.Release|Any CPU.Build.0 = Release|Any CPU
		{4161962F-E6C0-4F7D-B719-F6FE9FD81C96}.Debug|Any CPU.ActiveCfg = Debug|Any CPU
		{4161962F-E6C0-4F7D-B719-F6FE9FD81C96}.Debug|Any CPU.Build.0 = Debug|Any CPU
		{4161962F-E6C0-4F7D-B719-F6FE9FD81C96}.Release|Any CPU.ActiveCfg = Release|Any CPU
		{4161962F-E6C0-4F7D-B719-F6FE9FD81C96}.Release|Any CPU.Build.0 = Release|Any CPU
		{EE5F0E8B-F377-42A9-A13D-E6AA472E29C2}.Debug|Any CPU.ActiveCfg = Debug|Any CPU
		{EE5F0E8B-F377-42A9-A13D-E6AA472E29C2}.Debug|Any CPU.Build.0 = Debug|Any CPU
		{EE5F0E8B-F377-42A9-A13D-E6AA472E29C2}.Release|Any CPU.ActiveCfg = Release|Any CPU
		{EE5F0E8B-F377-42A9-A13D-E6AA472E29C2}.Release|Any CPU.Build.0 = Release|Any CPU
		{9DBF36B3-6A87-443D-A5F8-00E5DE322E26}.Debug|Any CPU.ActiveCfg = Debug|Any CPU
		{9DBF36B3-6A87-443D-A5F8-00E5DE322E26}.Debug|Any CPU.Build.0 = Debug|Any CPU
		{9DBF36B3-6A87-443D-A5F8-00E5DE322E26}.Release|Any CPU.ActiveCfg = Release|Any CPU
		{9DBF36B3-6A87-443D-A5F8-00E5DE322E26}.Release|Any CPU.Build.0 = Release|Any CPU
		{305EE642-8C5A-4E02-8BF9-16B316AD00CC}.Debug|Any CPU.ActiveCfg = Debug|Any CPU
		{305EE642-8C5A-4E02-8BF9-16B316AD00CC}.Debug|Any CPU.Build.0 = Debug|Any CPU
		{305EE642-8C5A-4E02-8BF9-16B316AD00CC}.Release|Any CPU.ActiveCfg = Release|Any CPU
		{305EE642-8C5A-4E02-8BF9-16B316AD00CC}.Release|Any CPU.Build.0 = Release|Any CPU
	EndGlobalSection
	GlobalSection(SolutionProperties) = preSolution
		HideSolutionNode = FALSE
	EndGlobalSection
	GlobalSection(ExtensibilityGlobals) = postSolution
		SolutionGuid = {A17B53A2-F1AF-4ED7-AA22-5643BB252F80}
	EndGlobalSection
EndGlobal
